
Microsoft Visual Studio Solution File, Format Version 12.00
# Visual Studio Version 17
VisualStudioVersion = 17.14.36705.20
MinimumVisualStudioVersion = 10.0.40219.1
Project("{FAE04EC0-301F-11D3-BF4B-00C04F79EFBC}") = "PlantGateway.Core", "PlantGateway.Core\PlantGateway.Core.csproj", "{AA5166F3-6DAC-546C-A062-0B923B8CCC41}"
EndProject
Project("{FAE04EC0-301F-11D3-BF4B-00C04F79EFBC}") = "PlantGateway.Core.Config", "PlantGateway.Core.Config\PlantGateway.Core.Config.csproj", "{C3BE69F8-3B96-480D-DA95-FC39E3440127}"
EndProject
Project("{FAE04EC0-301F-11D3-BF4B-00C04F79EFBC}") = "PlantGateway.Integration.Aveva", "PlantGateway.Integration.Aveva\PlantGateway.Integration.Aveva.csproj", "{3BCE1E3A-D352-6B9F-98A4-D07F87B66CD8}"
EndProject
Project("{FAE04EC0-301F-11D3-BF4B-00C04F79EFBC}") = "PlantGateway.Persistance", "PlantGateway.Persistance\PlantGateway.Persistance.csproj", "{C40EDD01-4346-73DD-C174-975E45347351}"
EndProject
Project("{FAE04EC0-301F-11D3-BF4B-00C04F79EFBC}") = "PlantGateway.Persistance.DataAccess", "PlantGateway.Persistance.DataAccess\PlantGateway.Persistance.DataAccess.csproj", "{8651DEA2-39C3-D4AA-9095-F6E72B7353F3}"
EndProject
Project("{FAE04EC0-301F-11D3-BF4B-00C04F79EFBC}") = "PlantGateway.Presentation.CLI", "PlantGateway.Presentation.CLI\PlantGateway.Presentation.CLI.csproj", "{FBF64B26-8A25-3B00-548B-486340D785FD}"
EndProject
Project("{FAE04EC0-301F-11D3-BF4B-00C04F79EFBC}") = "PlantGateway.Domain", "PlantGateway.Domain\PlantGateway.Domain.csproj", "{57B85E7C-A2ED-B531-D98D-074E0DC426AB}"
EndProject
Project("{FAE04EC0-301F-11D3-BF4B-00C04F79EFBC}") = "PlantGateway.Application", "PlantGateway.Application\PlantGateway.Application.csproj", "{8C2013A1-2CD0-EF3D-45BC-8026F6F916D3}"
EndProject
Project("{FAE04EC0-301F-11D3-BF4B-00C04F79EFBC}") = "PlantGateway.Infrastructure", "PlantGateway.Infrastructure\PlantGateway.Infrastructure.csproj", "{D9A20BB2-BC84-AF09-E18B-4A055E5C8C90}"
EndProject
Project("{FAE04EC0-301F-11D3-BF4B-00C04F79EFBC}") = "PlantGateway.Domain.UnitTests", "tests\PlantGateway.Domain.UnitTests\PlantGateway.Domain.UnitTests.csproj", "{3DC4016B-C636-13E6-21A1-F855781A24ED}"
EndProject
Project("{FAE04EC0-301F-11D3-BF4B-00C04F79EFBC}") = "PlantGateway.Application.UnitTests", "tests\PlantGateway.Application.UnitTests\PlantGateway.Application.UnitTests.csproj", "{6B971FA0-29C9-A9AB-483D-8C79D5759965}"
EndProject
Global
	GlobalSection(SolutionConfigurationPlatforms) = preSolution
		Debug|Any CPU = Debug|Any CPU
		Release|Any CPU = Release|Any CPU
	EndGlobalSection
	GlobalSection(ProjectConfigurationPlatforms) = postSolution
		{AA5166F3-6DAC-546C-A062-0B923B8CCC41}.Debug|Any CPU.ActiveCfg = Debug|Any CPU
		{AA5166F3-6DAC-546C-A062-0B923B8CCC41}.Debug|Any CPU.Build.0 = Debug|Any CPU
		{AA5166F3-6DAC-546C-A062-0B923B8CCC41}.Release|Any CPU.ActiveCfg = Release|Any CPU
		{AA5166F3-6DAC-546C-A062-0B923B8CCC41}.Release|Any CPU.Build.0 = Release|Any CPU
		{C3BE69F8-3B96-480D-DA95-FC39E3440127}.Debug|Any CPU.ActiveCfg = Debug|Any CPU
		{C3BE69F8-3B96-480D-DA95-FC39E3440127}.Debug|Any CPU.Build.0 = Debug|Any CPU
		{C3BE69F8-3B96-480D-DA95-FC39E3440127}.Release|Any CPU.ActiveCfg = Release|Any CPU
		{C3BE69F8-3B96-480D-DA95-FC39E3440127}.Release|Any CPU.Build.0 = Release|Any CPU
		{3BCE1E3A-D352-6B9F-98A4-D07F87B66CD8}.Debug|Any CPU.ActiveCfg = Debug|Any CPU
		{3BCE1E3A-D352-6B9F-98A4-D07F87B66CD8}.Debug|Any CPU.Build.0 = Debug|Any CPU
		{3BCE1E3A-D352-6B9F-98A4-D07F87B66CD8}.Release|Any CPU.ActiveCfg = Release|Any CPU
		{3BCE1E3A-D352-6B9F-98A4-D07F87B66CD8}.Release|Any CPU.Build.0 = Release|Any CPU
		{C40EDD01-4346-73DD-C174-975E45347351}.Debug|Any CPU.ActiveCfg = Debug|Any CPU
		{C40EDD01-4346-73DD-C174-975E45347351}.Debug|Any CPU.Build.0 = Debug|Any CPU
		{C40EDD01-4346-73DD-C174-975E45347351}.Release|Any CPU.ActiveCfg = Release|Any CPU
		{C40EDD01-4346-73DD-C174-975E45347351}.Release|Any CPU.Build.0 = Release|Any CPU
		{8651DEA2-39C3-D4AA-9095-F6E72B7353F3}.Debug|Any CPU.ActiveCfg = Debug|Any CPU
		{8651DEA2-39C3-D4AA-9095-F6E72B7353F3}.Debug|Any CPU.Build.0 = Debug|Any CPU
		{8651DEA2-39C3-D4AA-9095-F6E72B7353F3}.Release|Any CPU.ActiveCfg = Release|Any CPU
		{8651DEA2-39C3-D4AA-9095-F6E72B7353F3}.Release|Any CPU.Build.0 = Release|Any CPU
		{FBF64B26-8A25-3B00-548B-486340D785FD}.Debug|Any CPU.ActiveCfg = Debug|Any CPU
		{FBF64B26-8A25-3B00-548B-486340D785FD}.Debug|Any CPU.Build.0 = Debug|Any CPU
		{FBF64B26-8A25-3B00-548B-486340D785FD}.Release|Any CPU.ActiveCfg = Release|Any CPU
		{FBF64B26-8A25-3B00-548B-486340D785FD}.Release|Any CPU.Build.0 = Release|Any CPU
		{57B85E7C-A2ED-B531-D98D-074E0DC426AB}.Debug|Any CPU.ActiveCfg = Debug|Any CPU
		{57B85E7C-A2ED-B531-D98D-074E0DC426AB}.Debug|Any CPU.Build.0 = Debug|Any CPU
		{57B85E7C-A2ED-B531-D98D-074E0DC426AB}.Release|Any CPU.ActiveCfg = Release|Any CPU
		{57B85E7C-A2ED-B531-D98D-074E0DC426AB}.Release|Any CPU.Build.0 = Release|Any CPU
		{8C2013A1-2CD0-EF3D-45BC-8026F6F916D3}.Debug|Any CPU.ActiveCfg = Debug|Any CPU
		{8C2013A1-2CD0-EF3D-45BC-8026F6F916D3}.Debug|Any CPU.Build.0 = Debug|Any CPU
		{8C2013A1-2CD0-EF3D-45BC-8026F6F916D3}.Release|Any CPU.ActiveCfg = Release|Any CPU
		{8C2013A1-2CD0-EF3D-45BC-8026F6F916D3}.Release|Any CPU.Build.0 = Release|Any CPU
		{D9A20BB2-BC84-AF09-E18B-4A055E5C8C90}.Debug|Any CPU.ActiveCfg = Debug|Any CPU
		{D9A20BB2-BC84-AF09-E18B-4A055E5C8C90}.Debug|Any CPU.Build.0 = Debug|Any CPU
		{D9A20BB2-BC84-AF09-E18B-4A055E5C8C90}.Release|Any CPU.ActiveCfg = Release|Any CPU
		{D9A20BB2-BC84-AF09-E18B-4A055E5C8C90}.Release|Any CPU.Build.0 = Release|Any CPU
		{3DC4016B-C636-13E6-21A1-F855781A24ED}.Debug|Any CPU.ActiveCfg = Debug|Any CPU
		{3DC4016B-C636-13E6-21A1-F855781A24ED}.Debug|Any CPU.Build.0 = Debug|Any CPU
		{3DC4016B-C636-13E6-21A1-F855781A24ED}.Release|Any CPU.ActiveCfg = Release|Any CPU
		{3DC4016B-C636-13E6-21A1-F855781A24ED}.Release|Any CPU.Build.0 = Release|Any CPU
		{6B971FA0-29C9-A9AB-483D-8C79D5759965}.Debug|Any CPU.ActiveCfg = Debug|Any CPU
		{6B971FA0-29C9-A9AB-483D-8C79D5759965}.Debug|Any CPU.Build.0 = Debug|Any CPU
		{6B971FA0-29C9-A9AB-483D-8C79D5759965}.Release|Any CPU.ActiveCfg = Release|Any CPU
		{6B971FA0-29C9-A9AB-483D-8C79D5759965}.Release|Any CPU.Build.0 = Release|Any CPU
	EndGlobalSection
	GlobalSection(SolutionProperties) = preSolution
		HideSolutionNode = FALSE
	EndGlobalSection
	GlobalSection(ExtensibilityGlobals) = postSolution
		SolutionGuid = {F5C41F59-5844-42F4-B4F4-6FC7523C4232}
	EndGlobalSection
EndGlobal
