
Microsoft Visual Studio Solution File, Format Version 12.00
# Visual Studio Version 17
VisualStudioVersion = 17.14.36705.20 d17.14
MinimumVisualStudioVersion = 10.0.40219.1
Project("{FAE04EC0-301F-11D3-BF4B-00C04F79EFBC}") = "PlantGateway.Presentation.CLI", "PlantGateway.Presentation.CLI\PlantGateway.Presentation.CLI.csproj", "{CE8D15B2-C061-455C-95AC-A6023FF42E14}"
EndProject
Global
	GlobalSection(SolutionConfigurationPlatforms) = preSolution
		Debug|Any CPU = Debug|Any CPU
		Release|Any CPU = Release|Any CPU
	EndGlobalSection
	GlobalSection(ProjectConfigurationPlatforms) = postSolution
		{CE8D15B2-C061-455C-95AC-A6023FF42E14}.Debug|Any CPU.ActiveCfg = Debug|Any CPU
		{CE8D15B2-C061-455C-95AC-A6023FF42E14}.Debug|Any CPU.Build.0 = Debug|Any CPU
		{CE8D15B2-C061-455C-95AC-A6023FF42E14}.Release|Any CPU.ActiveCfg = Release|Any CPU
		{CE8D15B2-C061-455C-95AC-A6023FF42E14}.Release|Any CPU.Build.0 = Release|Any CPU
	EndGlobalSection
	GlobalSection(SolutionProperties) = preSolution
		HideSolutionNode = FALSE
	EndGlobalSection
	GlobalSection(ExtensibilityGlobals) = postSolution
		SolutionGuid = {4EB7076B-7204-4517-978F-7016CBB436D0}
	EndGlobalSection
EndGlobal
