
Microsoft Visual Studio Solution File, Format Version 12.00
# Visual Studio Version 17
VisualStudioVersion = 17.14.36705.20 d17.14
MinimumVisualStudioVersion = 10.0.40219.1
Project("{FAE04EC0-301F-11D3-BF4B-00C04F79EFBC}") = "PlantGateway.Domain", "PlantGateway.Domain\PlantGateway.Domain.csproj", "{5D94479F-E9B1-470E-A6E4-D64B183FBA84}"
EndProject
Global
	GlobalSection(SolutionConfigurationPlatforms) = preSolution
		Debug|Any CPU = Debug|Any CPU
		Release|Any CPU = Release|Any CPU
	EndGlobalSection
	GlobalSection(ProjectConfigurationPlatforms) = postSolution
		{5D94479F-E9B1-470E-A6E4-D64B183FBA84}.Debug|Any CPU.ActiveCfg = Debug|Any CPU
		{5D94479F-E9B1-470E-A6E4-D64B183FBA84}.Debug|Any CPU.Build.0 = Debug|Any CPU
		{5D94479F-E9B1-470E-A6E4-D64B183FBA84}.Release|Any CPU.ActiveCfg = Release|Any CPU
		{5D94479F-E9B1-470E-A6E4-D64B183FBA84}.Release|Any CPU.Build.0 = Release|Any CPU
	EndGlobalSection
	GlobalSection(SolutionProperties) = preSolution
		HideSolutionNode = FALSE
	EndGlobalSection
	GlobalSection(ExtensibilityGlobals) = postSolution
		SolutionGuid = {6EE5B7FD-42C0-43CB-87F3-730D605306E8}
	EndGlobalSection
EndGlobal
